
Microsoft Visual Studio Solution File, Format Version 12.00
# Visual Studio Version 17
VisualStudioVersion = 17.14.36511.14
MinimumVisualStudioVersion = 10.0.40219.1
Project("{FAE04EC0-301F-11D3-BF4B-00C04F79EFBC}") = "group14_MunozChopra_Lab3", "group#14(Munoz&Chopra)_Lab#3\group14_MunozChopra_Lab3.csproj", "{CCE8DBB5-73A2-4C83-A8DC-0ACD7AA86ACB}"
EndProject
Global
	GlobalSection(SolutionConfigurationPlatforms) = preSolution
		Debug|Any CPU = Debug|Any CPU
		Release|Any CPU = Release|Any CPU
	EndGlobalSection
	GlobalSection(ProjectConfigurationPlatforms) = postSolution
		{CCE8DBB5-73A2-4C83-A8DC-0ACD7AA86ACB}.Debug|Any CPU.ActiveCfg = Debug|Any CPU
		{CCE8DBB5-73A2-4C83-A8DC-0ACD7AA86ACB}.Debug|Any CPU.Build.0 = Debug|Any CPU
		{CCE8DBB5-73A2-4C83-A8DC-0ACD7AA86ACB}.Release|Any CPU.ActiveCfg = Release|Any CPU
		{CCE8DBB5-73A2-4C83-A8DC-0ACD7AA86ACB}.Release|Any CPU.Build.0 = Release|Any CPU
	EndGlobalSection
	GlobalSection(SolutionProperties) = preSolution
		HideSolutionNode = FALSE
	EndGlobalSection
	GlobalSection(ExtensibilityGlobals) = postSolution
		SolutionGuid = {BFF45F12-3E78-4BB6-A52E-942F59DD9644}
	EndGlobalSection
EndGlobal
